
Microsoft Visual Studio Solution File, Format Version 12.00
# Visual Studio Version 16
VisualStudioVersion = 16.0.30717.126
MinimumVisualStudioVersion = 10.0.40219.1
Project("{FAE04EC0-301F-11D3-BF4B-00C04F79EFBC}") = "Recipes.Models", "Recipes.Models\Recipes.Models.csproj", "{70CD8DE6-B1CA-438A-96F7-D919184D7539}"
EndProject
Project("{FAE04EC0-301F-11D3-BF4B-00C04F79EFBC}") = "Recipes.API", "Recipes.API\Recipes.API.csproj", "{7C6B9852-F887-4C68-9406-3625BB8EDE81}"
EndProject
Project("{FAE04EC0-301F-11D3-BF4B-00C04F79EFBC}") = "Recipes.DAL", "Recipes.DAL\Recipes.DAL.csproj", "{51CD1FCD-E391-4191-8B7A-680B8AD7FA69}"
EndProject
Project("{FAE04EC0-301F-11D3-BF4B-00C04F79EFBC}") = "Recipes.UnitTests", "Recipes.UnitTests\Recipes.UnitTests.csproj", "{22897980-6DC0-4088-A23D-2F0F8C75B19A}"
EndProject
Global
	GlobalSection(SolutionConfigurationPlatforms) = preSolution
		Debug|Any CPU = Debug|Any CPU
		Debug|x64 = Debug|x64
		Debug|x86 = Debug|x86
		Release|Any CPU = Release|Any CPU
		Release|x64 = Release|x64
		Release|x86 = Release|x86
	EndGlobalSection
	GlobalSection(SolutionProperties) = preSolution
		HideSolutionNode = FALSE
	EndGlobalSection
	GlobalSection(ProjectConfigurationPlatforms) = postSolution
		{7C6B9852-F887-4C68-9406-3625BB8EDE81}.Debug|Any CPU.ActiveCfg = Debug|Any CPU
		{7C6B9852-F887-4C68-9406-3625BB8EDE81}.Debug|Any CPU.Build.0 = Debug|Any CPU
		{7C6B9852-F887-4C68-9406-3625BB8EDE81}.Debug|x64.ActiveCfg = Debug|Any CPU
		{7C6B9852-F887-4C68-9406-3625BB8EDE81}.Debug|x64.Build.0 = Debug|Any CPU
		{7C6B9852-F887-4C68-9406-3625BB8EDE81}.Debug|x86.ActiveCfg = Debug|Any CPU
		{7C6B9852-F887-4C68-9406-3625BB8EDE81}.Debug|x86.Build.0 = Debug|Any CPU
		{7C6B9852-F887-4C68-9406-3625BB8EDE81}.Release|Any CPU.ActiveCfg = Release|Any CPU
		{7C6B9852-F887-4C68-9406-3625BB8EDE81}.Release|Any CPU.Build.0 = Release|Any CPU
		{7C6B9852-F887-4C68-9406-3625BB8EDE81}.Release|x64.ActiveCfg = Release|Any CPU
		{7C6B9852-F887-4C68-9406-3625BB8EDE81}.Release|x64.Build.0 = Release|Any CPU
		{7C6B9852-F887-4C68-9406-3625BB8EDE81}.Release|x86.ActiveCfg = Release|Any CPU
		{7C6B9852-F887-4C68-9406-3625BB8EDE81}.Release|x86.Build.0 = Release|Any CPU
		{51CD1FCD-E391-4191-8B7A-680B8AD7FA69}.Debug|Any CPU.ActiveCfg = Debug|Any CPU
		{51CD1FCD-E391-4191-8B7A-680B8AD7FA69}.Debug|Any CPU.Build.0 = Debug|Any CPU
		{51CD1FCD-E391-4191-8B7A-680B8AD7FA69}.Debug|x64.ActiveCfg = Debug|Any CPU
		{51CD1FCD-E391-4191-8B7A-680B8AD7FA69}.Debug|x64.Build.0 = Debug|Any CPU
		{51CD1FCD-E391-4191-8B7A-680B8AD7FA69}.Debug|x86.ActiveCfg = Debug|Any CPU
		{51CD1FCD-E391-4191-8B7A-680B8AD7FA69}.Debug|x86.Build.0 = Debug|Any CPU
		{51CD1FCD-E391-4191-8B7A-680B8AD7FA69}.Release|Any CPU.ActiveCfg = Release|Any CPU
		{51CD1FCD-E391-4191-8B7A-680B8AD7FA69}.Release|Any CPU.Build.0 = Release|Any CPU
		{51CD1FCD-E391-4191-8B7A-680B8AD7FA69}.Release|x64.ActiveCfg = Release|Any CPU
		{51CD1FCD-E391-4191-8B7A-680B8AD7FA69}.Release|x64.Build.0 = Release|Any CPU
		{51CD1FCD-E391-4191-8B7A-680B8AD7FA69}.Release|x86.ActiveCfg = Release|Any CPU
		{51CD1FCD-E391-4191-8B7A-680B8AD7FA69}.Release|x86.Build.0 = Release|Any CPU
		{70CD8DE6-B1CA-438A-96F7-D919184D7539}.Debug|Any CPU.ActiveCfg = Debug|Any CPU
		{70CD8DE6-B1CA-438A-96F7-D919184D7539}.Debug|Any CPU.Build.0 = Debug|Any CPU
		{70CD8DE6-B1CA-438A-96F7-D919184D7539}.Debug|x64.ActiveCfg = Debug|Any CPU
		{70CD8DE6-B1CA-438A-96F7-D919184D7539}.Debug|x64.Build.0 = Debug|Any CPU
		{70CD8DE6-B1CA-438A-96F7-D919184D7539}.Debug|x86.ActiveCfg = Debug|Any CPU
		{70CD8DE6-B1CA-438A-96F7-D919184D7539}.Debug|x86.Build.0 = Debug|Any CPU
		{70CD8DE6-B1CA-438A-96F7-D919184D7539}.Release|Any CPU.ActiveCfg = Release|Any CPU
		{70CD8DE6-B1CA-438A-96F7-D919184D7539}.Release|Any CPU.Build.0 = Release|Any CPU
		{70CD8DE6-B1CA-438A-96F7-D919184D7539}.Release|x64.ActiveCfg = Release|Any CPU
		{70CD8DE6-B1CA-438A-96F7-D919184D7539}.Release|x64.Build.0 = Release|Any CPU
		{70CD8DE6-B1CA-438A-96F7-D919184D7539}.Release|x86.ActiveCfg = Release|Any CPU
		{70CD8DE6-B1CA-438A-96F7-D919184D7539}.Release|x86.Build.0 = Release|Any CPU
		{22897980-6DC0-4088-A23D-2F0F8C75B19A}.Debug|Any CPU.ActiveCfg = Debug|Any CPU
		{22897980-6DC0-4088-A23D-2F0F8C75B19A}.Debug|Any CPU.Build.0 = Debug|Any CPU
		{22897980-6DC0-4088-A23D-2F0F8C75B19A}.Debug|x64.ActiveCfg = Debug|Any CPU
		{22897980-6DC0-4088-A23D-2F0F8C75B19A}.Debug|x64.Build.0 = Debug|Any CPU
		{22897980-6DC0-4088-A23D-2F0F8C75B19A}.Debug|x86.ActiveCfg = Debug|Any CPU
		{22897980-6DC0-4088-A23D-2F0F8C75B19A}.Debug|x86.Build.0 = Debug|Any CPU
		{22897980-6DC0-4088-A23D-2F0F8C75B19A}.Release|Any CPU.ActiveCfg = Release|Any CPU
		{22897980-6DC0-4088-A23D-2F0F8C75B19A}.Release|Any CPU.Build.0 = Release|Any CPU
		{22897980-6DC0-4088-A23D-2F0F8C75B19A}.Release|x64.ActiveCfg = Release|Any CPU
		{22897980-6DC0-4088-A23D-2F0F8C75B19A}.Release|x64.Build.0 = Release|Any CPU
		{22897980-6DC0-4088-A23D-2F0F8C75B19A}.Release|x86.ActiveCfg = Release|Any CPU
		{22897980-6DC0-4088-A23D-2F0F8C75B19A}.Release|x86.Build.0 = Release|Any CPU
	EndGlobalSection
EndGlobal
